
Microsoft Visual Studio Solution File, Format Version 12.00
# Visual Studio 15
VisualStudioVersion = 15.0.27130.2010
MinimumVisualStudioVersion = 10.0.40219.1
Project("{FAE04EC0-301F-11D3-BF4B-00C04F79EFBC}") = "BookvikSupport", "BookvikSupport\BookvikSupport.csproj", "{401595D4-F064-42EA-9364-AA345C30DAE5}"
EndProject
Global
	GlobalSection(SolutionConfigurationPlatforms) = preSolution
		Debug|Any CPU = Debug|Any CPU
		Release|Any CPU = Release|Any CPU
	EndGlobalSection
	GlobalSection(ProjectConfigurationPlatforms) = postSolution
		{401595D4-F064-42EA-9364-AA345C30DAE5}.Debug|Any CPU.ActiveCfg = Debug|Any CPU
		{401595D4-F064-42EA-9364-AA345C30DAE5}.Debug|Any CPU.Build.0 = Debug|Any CPU
		{401595D4-F064-42EA-9364-AA345C30DAE5}.Release|Any CPU.ActiveCfg = Release|Any CPU
		{401595D4-F064-42EA-9364-AA345C30DAE5}.Release|Any CPU.Build.0 = Release|Any CPU
	EndGlobalSection
	GlobalSection(SolutionProperties) = preSolution
		HideSolutionNode = FALSE
	EndGlobalSection
	GlobalSection(ExtensibilityGlobals) = postSolution
		SolutionGuid = {DACF61A4-137C-4E62-AFC0-4C9ECFE06803}
	EndGlobalSection
EndGlobal
